// !$*UTF8*$!
{
	archiveVersion = 1;
	classes = {
	};
	objectVersion = 56;
	objects = {

/* Begin PBXBuildFile section */
		65AE1921296844E6006393E7 /* FocusTimerApp.swift in Sources */ = {isa = PBXBuildFile; fileRef = 65AE1920296844E6006393E7 /* FocusTimerApp.swift */; };
		65AE1923296844E6006393E7 /* ContentView.swift in Sources */ = {isa = PBXBuildFile; fileRef = 65AE1922296844E6006393E7 /* ContentView.swift */; };
		65AE1925296844E8006393E7 /* Assets.xcassets in Resources */ = {isa = PBXBuildFile; fileRef = 65AE1924296844E8006393E7 /* Assets.xcassets */; };
		65AE1929296844E8006393E7 /* Preview Assets.xcassets in Resources */ = {isa = PBXBuildFile; fileRef = 65AE1928296844E8006393E7 /* Preview Assets.xcassets */; };
		65AE1933296844E8006393E7 /* FocusTimerTests.swift in Sources */ = {isa = PBXBuildFile; fileRef = 65AE1932296844E8006393E7 /* FocusTimerTests.swift */; };
		65AE193D296844E8006393E7 /* FocusTimerUITests.swift in Sources */ = {isa = PBXBuildFile; fileRef = 65AE193C296844E8006393E7 /* FocusTimerUITests.swift */; };
		65AE193F296844E8006393E7 /* FocusTimerUITestsLaunchTests.swift in Sources */ = {isa = PBXBuildFile; fileRef = 65AE193E296844E8006393E7 /* FocusTimerUITestsLaunchTests.swift */; };
/* End PBXBuildFile section */

/* Begin PBXContainerItemProxy section */
		65AE192F296844E8006393E7 /* PBXContainerItemProxy */ = {
			isa = PBXContainerItemProxy;
			containerPortal = 65AE1915296844E6006393E7 /* Project object */;
			proxyType = 1;
			remoteGlobalIDString = 65AE191C296844E6006393E7;
			remoteInfo = FocusTimer;
		};
		65AE1939296844E8006393E7 /* PBXContainerItemProxy */ = {
			isa = PBXContainerItemProxy;
			containerPortal = 65AE1915296844E6006393E7 /* Project object */;
			proxyType = 1;
			remoteGlobalIDString = 65AE191C296844E6006393E7;
			remoteInfo = FocusTimer;
		};
/* End PBXContainerItemProxy section */

/* Begin PBXFileReference section */
		65AE191D296844E6006393E7 /* FocusTimer.app */ = {isa = PBXFileReference; explicitFileType = wrapper.application; includeInIndex = 0; path = FocusTimer.app; sourceTree = BUILT_PRODUCTS_DIR; };
		65AE1920296844E6006393E7 /* FocusTimerApp.swift */ = {isa = PBXFileReference; lastKnownFileType = sourcecode.swift; path = FocusTimerApp.swift; sourceTree = "<group>"; };
		65AE1922296844E6006393E7 /* ContentView.swift */ = {isa = PBXFileReference; lastKnownFileType = sourcecode.swift; path = ContentView.swift; sourceTree = "<group>"; };
		65AE1924296844E8006393E7 /* Assets.xcassets */ = {isa = PBXFileReference; lastKnownFileType = folder.assetcatalog; path = Assets.xcassets; sourceTree = "<group>"; };
		65AE1926296844E8006393E7 /* FocusTimer.entitlements */ = {isa = PBXFileReference; lastKnownFileType = text.plist.entitlements; path = FocusTimer.entitlements; sourceTree = "<group>"; };
		65AE1928296844E8006393E7 /* Preview Assets.xcassets */ = {isa = PBXFileReference; lastKnownFileType = folder.assetcatalog; path = "Preview Assets.xcassets"; sourceTree = "<group>"; };
		65AE192E296844E8006393E7 /* FocusTimerTests.xctest */ = {isa = PBXFileReference; explicitFileType = wrapper.cfbundle; includeInIndex = 0; path = FocusTimerTests.xctest; sourceTree = BUILT_PRODUCTS_DIR; };
		65AE1932296844E8006393E7 /* FocusTimerTests.swift */ = {isa = PBXFileReference; lastKnownFileType = sourcecode.swift; path = FocusTimerTests.swift; sourceTree = "<group>"; };
		65AE1938296844E8006393E7 /* FocusTimerUITests.xctest */ = {isa = PBXFileReference; explicitFileType = wrapper.cfbundle; includeInIndex = 0; path = FocusTimerUITests.xctest; sourceTree = BUILT_PRODUCTS_DIR; };
		65AE193C296844E8006393E7 /* FocusTimerUITests.swift */ = {isa = PBXFileReference; lastKnownFileType = sourcecode.swift; path = FocusTimerUITests.swift; sourceTree = "<group>"; };
		65AE193E296844E8006393E7 /* FocusTimerUITestsLaunchTests.swift */ = {isa = PBXFileReference; lastKnownFileType = sourcecode.swift; path = FocusTimerUITestsLaunchTests.swift; sourceTree = "<group>"; };
/* End PBXFileReference section */

/* Begin PBXFrameworksBuildPhase section */
		65AE191A296844E6006393E7 /* Frameworks */ = {
			isa = PBXFrameworksBuildPhase;
			buildActionMask = 2147483647;
			files = (
			);
			runOnlyForDeploymentPostprocessing = 0;
		};
		65AE192B296844E8006393E7 /* Frameworks */ = {
			isa = PBXFrameworksBuildPhase;
			buildActionMask = 2147483647;
			files = (
			);
			runOnlyForDeploymentPostprocessing = 0;
		};
		65AE1935296844E8006393E7 /* Frameworks */ = {
			isa = PBXFrameworksBuildPhase;
			buildActionMask = 2147483647;
			files = (
			);
			runOnlyForDeploymentPostprocessing = 0;
		};
/* End PBXFrameworksBuildPhase section */

/* Begin PBXGroup section */
		65AE1914296844E6006393E7 = {
			isa = PBXGroup;
			children = (
				65AE191F296844E6006393E7 /* FocusTimer */,
				65AE1931296844E8006393E7 /* FocusTimerTests */,
				65AE193B296844E8006393E7 /* FocusTimerUITests */,
				65AE191E296844E6006393E7 /* Products */,
			);
			sourceTree = "<group>";
		};
		65AE191E296844E6006393E7 /* Products */ = {
			isa = PBXGroup;
			children = (
				65AE191D296844E6006393E7 /* FocusTimer.app */,
				65AE192E296844E8006393E7 /* FocusTimerTests.xctest */,
				65AE1938296844E8006393E7 /* FocusTimerUITests.xctest */,
			);
			name = Products;
			sourceTree = "<group>";
		};
		65AE191F296844E6006393E7 /* FocusTimer */ = {
			isa = PBXGroup;
			children = (
				65AE1920296844E6006393E7 /* FocusTimerApp.swift */,
				65AE1922296844E6006393E7 /* ContentView.swift */,
				65AE1924296844E8006393E7 /* Assets.xcassets */,
				65AE1926296844E8006393E7 /* FocusTimer.entitlements */,
				65AE1927296844E8006393E7 /* Preview Content */,
			);
			path = FocusTimer;
			sourceTree = "<group>";
		};
		65AE1927296844E8006393E7 /* Preview Content */ = {
			isa = PBXGroup;
			children = (
				65AE1928296844E8006393E7 /* Preview Assets.xcassets */,
			);
			path = "Preview Content";
			sourceTree = "<group>";
		};
		65AE1931296844E8006393E7 /* FocusTimerTests */ = {
			isa = PBXGroup;
			children = (
				65AE1932296844E8006393E7 /* FocusTimerTests.swift */,
			);
			path = FocusTimerTests;
			sourceTree = "<group>";
		};
		65AE193B296844E8006393E7 /* FocusTimerUITests */ = {
			isa = PBXGroup;
			children = (
				65AE193C296844E8006393E7 /* FocusTimerUITests.swift */,
				65AE193E296844E8006393E7 /* FocusTimerUITestsLaunchTests.swift */,
			);
			path = FocusTimerUITests;
			sourceTree = "<group>";
		};
/* End PBXGroup section */

/* Begin PBXNativeTarget section */
		65AE191C296844E6006393E7 /* FocusTimer */ = {
			isa = PBXNativeTarget;
			buildConfigurationList = 65AE1942296844E8006393E7 /* Build configuration list for PBXNativeTarget "FocusTimer" */;
			buildPhases = (
				65AE1919296844E6006393E7 /* Sources */,
				65AE191A296844E6006393E7 /* Frameworks */,
				65AE191B296844E6006393E7 /* Resources */,
			);
			buildRules = (
			);
			dependencies = (
			);
			name = FocusTimer;
			productName = FocusTimer;
			productReference = 65AE191D296844E6006393E7 /* FocusTimer.app */;
			productType = "com.apple.product-type.application";
		};
		65AE192D296844E8006393E7 /* FocusTimerTests */ = {
			isa = PBXNativeTarget;
			buildConfigurationList = 65AE1945296844E8006393E7 /* Build configuration list for PBXNativeTarget "FocusTimerTests" */;
			buildPhases = (
				65AE192A296844E8006393E7 /* Sources */,
				65AE192B296844E8006393E7 /* Frameworks */,
				65AE192C296844E8006393E7 /* Resources */,
			);
			buildRules = (
			);
			dependencies = (
				65AE1930296844E8006393E7 /* PBXTargetDependency */,
			);
			name = FocusTimerTests;
			productName = FocusTimerTests;
			productReference = 65AE192E296844E8006393E7 /* FocusTimerTests.xctest */;
			productType = "com.apple.product-type.bundle.unit-test";
		};
		65AE1937296844E8006393E7 /* FocusTimerUITests */ = {
			isa = PBXNativeTarget;
			buildConfigurationList = 65AE1948296844E8006393E7 /* Build configuration list for PBXNativeTarget "FocusTimerUITests" */;
			buildPhases = (
				65AE1934296844E8006393E7 /* Sources */,
				65AE1935296844E8006393E7 /* Frameworks */,
				65AE1936296844E8006393E7 /* Resources */,
			);
			buildRules = (
			);
			dependencies = (
				65AE193A296844E8006393E7 /* PBXTargetDependency */,
			);
			name = FocusTimerUITests;
			productName = FocusTimerUITests;
			productReference = 65AE1938296844E8006393E7 /* FocusTimerUITests.xctest */;
			productType = "com.apple.product-type.bundle.ui-testing";
		};
/* End PBXNativeTarget section */

/* Begin PBXProject section */
		65AE1915296844E6006393E7 /* Project object */ = {
			isa = PBXProject;
			attributes = {
				BuildIndependentTargetsInParallel = 1;
				LastSwiftUpdateCheck = 1420;
				LastUpgradeCheck = 1420;
				TargetAttributes = {
					65AE191C296844E6006393E7 = {
						CreatedOnToolsVersion = 14.2;
					};
					65AE192D296844E8006393E7 = {
						CreatedOnToolsVersion = 14.2;
						TestTargetID = 65AE191C296844E6006393E7;
					};
					65AE1937296844E8006393E7 = {
						CreatedOnToolsVersion = 14.2;
						TestTargetID = 65AE191C296844E6006393E7;
					};
				};
			};
			buildConfigurationList = 65AE1918296844E6006393E7 /* Build configuration list for PBXProject "FocusTimer" */;
			compatibilityVersion = "Xcode 14.0";
			developmentRegion = en;
			hasScannedForEncodings = 0;
			knownRegions = (
				en,
				Base,
			);
			mainGroup = 65AE1914296844E6006393E7;
			productRefGroup = 65AE191E296844E6006393E7 /* Products */;
			projectDirPath = "";
			projectRoot = "";
			targets = (
				65AE191C296844E6006393E7 /* FocusTimer */,
				65AE192D296844E8006393E7 /* FocusTimerTests */,
				65AE1937296844E8006393E7 /* FocusTimerUITests */,
			);
		};
/* End PBXProject section */

/* Begin PBXResourcesBuildPhase section */
		65AE191B296844E6006393E7 /* Resources */ = {
			isa = PBXResourcesBuildPhase;
			buildActionMask = 2147483647;
			files = (
				65AE1929296844E8006393E7 /* Preview Assets.xcassets in Resources */,
				65AE1925296844E8006393E7 /* Assets.xcassets in Resources */,
			);
			runOnlyForDeploymentPostprocessing = 0;
		};
		65AE192C296844E8006393E7 /* Resources */ = {
			isa = PBXResourcesBuildPhase;
			buildActionMask = 2147483647;
			files = (
			);
			runOnlyForDeploymentPostprocessing = 0;
		};
		65AE1936296844E8006393E7 /* Resources */ = {
			isa = PBXResourcesBuildPhase;
			buildActionMask = 2147483647;
			files = (
			);
			runOnlyForDeploymentPostprocessing = 0;
		};
/* End PBXResourcesBuildPhase section */

/* Begin PBXSourcesBuildPhase section */
		65AE1919296844E6006393E7 /* Sources */ = {
			isa = PBXSourcesBuildPhase;
			buildActionMask = 2147483647;
			files = (
				65AE1923296844E6006393E7 /* ContentView.swift in Sources */,
				65AE1921296844E6006393E7 /* FocusTimerApp.swift in Sources */,
			);
			runOnlyForDeploymentPostprocessing = 0;
		};
		65AE192A296844E8006393E7 /* Sources */ = {
			isa = PBXSourcesBuildPhase;
			buildActionMask = 2147483647;
			files = (
				65AE1933296844E8006393E7 /* FocusTimerTests.swift in Sources */,
			);
			runOnlyForDeploymentPostprocessing = 0;
		};
		65AE1934296844E8006393E7 /* Sources */ = {
			isa = PBXSourcesBuildPhase;
			buildActionMask = 2147483647;
			files = (
				65AE193D296844E8006393E7 /* FocusTimerUITests.swift in Sources */,
				65AE193F296844E8006393E7 /* FocusTimerUITestsLaunchTests.swift in Sources */,
			);
			runOnlyForDeploymentPostprocessing = 0;
		};
/* End PBXSourcesBuildPhase section */

/* Begin PBXTargetDependency section */
		65AE1930296844E8006393E7 /* PBXTargetDependency */ = {
			isa = PBXTargetDependency;
			target = 65AE191C296844E6006393E7 /* FocusTimer */;
			targetProxy = 65AE192F296844E8006393E7 /* PBXContainerItemProxy */;
		};
		65AE193A296844E8006393E7 /* PBXTargetDependency */ = {
			isa = PBXTargetDependency;
			target = 65AE191C296844E6006393E7 /* FocusTimer */;
			targetProxy = 65AE1939296844E8006393E7 /* PBXContainerItemProxy */;
		};
/* End PBXTargetDependency section */

/* Begin XCBuildConfiguration section */
		65AE1940296844E8006393E7 /* Debug */ = {
			isa = XCBuildConfiguration;
			buildSettings = {
				ALWAYS_SEARCH_USER_PATHS = NO;
				CLANG_ANALYZER_NONNULL = YES;
				CLANG_ANALYZER_NUMBER_OBJECT_CONVERSION = YES_AGGRESSIVE;
				CLANG_CXX_LANGUAGE_STANDARD = "gnu++20";
				CLANG_ENABLE_MODULES = YES;
				CLANG_ENABLE_OBJC_ARC = YES;
				CLANG_ENABLE_OBJC_WEAK = YES;
				CLANG_WARN_BLOCK_CAPTURE_AUTORELEASING = YES;
				CLANG_WARN_BOOL_CONVERSION = YES;
				CLANG_WARN_COMMA = YES;
				CLANG_WARN_CONSTANT_CONVERSION = YES;
				CLANG_WARN_DEPRECATED_OBJC_IMPLEMENTATIONS = YES;
				CLANG_WARN_DIRECT_OBJC_ISA_USAGE = YES_ERROR;
				CLANG_WARN_DOCUMENTATION_COMMENTS = YES;
				CLANG_WARN_EMPTY_BODY = YES;
				CLANG_WARN_ENUM_CONVERSION = YES;
				CLANG_WARN_INFINITE_RECURSION = YES;
				CLANG_WARN_INT_CONVERSION = YES;
				CLANG_WARN_NON_LITERAL_NULL_CONVERSION = YES;
				CLANG_WARN_OBJC_IMPLICIT_RETAIN_SELF = YES;
				CLANG_WARN_OBJC_LITERAL_CONVERSION = YES;
				CLANG_WARN_OBJC_ROOT_CLASS = YES_ERROR;
				CLANG_WARN_QUOTED_INCLUDE_IN_FRAMEWORK_HEADER = YES;
				CLANG_WARN_RANGE_LOOP_ANALYSIS = YES;
				CLANG_WARN_STRICT_PROTOTYPES = YES;
				CLANG_WARN_SUSPICIOUS_MOVE = YES;
				CLANG_WARN_UNGUARDED_AVAILABILITY = YES_AGGRESSIVE;
				CLANG_WARN_UNREACHABLE_CODE = YES;
				CLANG_WARN__DUPLICATE_METHOD_MATCH = YES;
				COPY_PHASE_STRIP = NO;
				DEBUG_INFORMATION_FORMAT = dwarf;
				ENABLE_STRICT_OBJC_MSGSEND = YES;
				ENABLE_TESTABILITY = YES;
				GCC_C_LANGUAGE_STANDARD = gnu11;
				GCC_DYNAMIC_NO_PIC = NO;
				GCC_NO_COMMON_BLOCKS = YES;
				GCC_OPTIMIZATION_LEVEL = 0;
				GCC_PREPROCESSOR_DEFINITIONS = (
					"DEBUG=1",
					"$(inherited)",
				);
				GCC_WARN_64_TO_32_BIT_CONVERSION = YES;
				GCC_WARN_ABOUT_RETURN_TYPE = YES_ERROR;
				GCC_WARN_UNDECLARED_SELECTOR = YES;
				GCC_WARN_UNINITIALIZED_AUTOS = YES_AGGRESSIVE;
				GCC_WARN_UNUSED_FUNCTION = YES;
				GCC_WARN_UNUSED_VARIABLE = YES;
				MTL_ENABLE_DEBUG_INFO = INCLUDE_SOURCE;
				MTL_FAST_MATH = YES;
				ONLY_ACTIVE_ARCH = YES;
				SWIFT_ACTIVE_COMPILATION_CONDITIONS = DEBUG;
				SWIFT_OPTIMIZATION_LEVEL = "-Onone";
			};
			name = Debug;
		};
		65AE1941296844E8006393E7 /* Release */ = {
			isa = XCBuildConfiguration;
			buildSettings = {
				ALWAYS_SEARCH_USER_PATHS = NO;
				CLANG_ANALYZER_NONNULL = YES;
				CLANG_ANALYZER_NUMBER_OBJECT_CONVERSION = YES_AGGRESSIVE;
				CLANG_CXX_LANGUAGE_STANDARD = "gnu++20";
				CLANG_ENABLE_MODULES = YES;
				CLANG_ENABLE_OBJC_ARC = YES;
				CLANG_ENABLE_OBJC_WEAK = YES;
				CLANG_WARN_BLOCK_CAPTURE_AUTORELEASING = YES;
				CLANG_WARN_BOOL_CONVERSION = YES;
				CLANG_WARN_COMMA = YES;
				CLANG_WARN_CONSTANT_CONVERSION = YES;
				CLANG_WARN_DEPRECATED_OBJC_IMPLEMENTATIONS = YES;
				CLANG_WARN_DIRECT_OBJC_ISA_USAGE = YES_ERROR;
				CLANG_WARN_DOCUMENTATION_COMMENTS = YES;
				CLANG_WARN_EMPTY_BODY = YES;
				CLANG_WARN_ENUM_CONVERSION = YES;
				CLANG_WARN_INFINITE_RECURSION = YES;
				CLANG_WARN_INT_CONVERSION = YES;
				CLANG_WARN_NON_LITERAL_NULL_CONVERSION = YES;
				CLANG_WARN_OBJC_IMPLICIT_RETAIN_SELF = YES;
				CLANG_WARN_OBJC_LITERAL_CONVERSION = YES;
				CLANG_WARN_OBJC_ROOT_CLASS = YES_ERROR;
				CLANG_WARN_QUOTED_INCLUDE_IN_FRAMEWORK_HEADER = YES;
				CLANG_WARN_RANGE_LOOP_ANALYSIS = YES;
				CLANG_WARN_STRICT_PROTOTYPES = YES;
				CLANG_WARN_SUSPICIOUS_MOVE = YES;
				CLANG_WARN_UNGUARDED_AVAILABILITY = YES_AGGRESSIVE;
				CLANG_WARN_UNREACHABLE_CODE = YES;
				CLANG_WARN__DUPLICATE_METHOD_MATCH = YES;
				COPY_PHASE_STRIP = NO;
				DEBUG_INFORMATION_FORMAT = "dwarf-with-dsym";
				ENABLE_NS_ASSERTIONS = NO;
				ENABLE_STRICT_OBJC_MSGSEND = YES;
				GCC_C_LANGUAGE_STANDARD = gnu11;
				GCC_NO_COMMON_BLOCKS = YES;
				GCC_WARN_64_TO_32_BIT_CONVERSION = YES;
				GCC_WARN_ABOUT_RETURN_TYPE = YES_ERROR;
				GCC_WARN_UNDECLARED_SELECTOR = YES;
				GCC_WARN_UNINITIALIZED_AUTOS = YES_AGGRESSIVE;
				GCC_WARN_UNUSED_FUNCTION = YES;
				GCC_WARN_UNUSED_VARIABLE = YES;
				MTL_ENABLE_DEBUG_INFO = NO;
				MTL_FAST_MATH = YES;
				SWIFT_COMPILATION_MODE = wholemodule;
				SWIFT_OPTIMIZATION_LEVEL = "-O";
			};
			name = Release;
		};
		65AE1943296844E8006393E7 /* Debug */ = {
			isa = XCBuildConfiguration;
			buildSettings = {
				ASSETCATALOG_COMPILER_APPICON_NAME = AppIcon;
				ASSETCATALOG_COMPILER_GLOBAL_ACCENT_COLOR_NAME = AccentColor;
				ASSETCATALOG_COMPILER_INCLUDE_ALL_APPICON_ASSETS = NO;
				CODE_SIGN_ENTITLEMENTS = FocusTimer/FocusTimer.entitlements;
				CODE_SIGN_STYLE = Automatic;
				CURRENT_PROJECT_VERSION = 1;
				DEVELOPMENT_ASSET_PATHS = "\"FocusTimer/Preview Content\"";
				DEVELOPMENT_TEAM = S32SWP4SFV;
				ENABLE_HARDENED_RUNTIME = YES;
				ENABLE_PREVIEWS = YES;
				GENERATE_INFOPLIST_FILE = YES;
				"INFOPLIST_KEY_UIApplicationSceneManifest_Generation[sdk=iphoneos*]" = YES;
				"INFOPLIST_KEY_UIApplicationSceneManifest_Generation[sdk=iphonesimulator*]" = YES;
				"INFOPLIST_KEY_UIApplicationSupportsIndirectInputEvents[sdk=iphoneos*]" = YES;
				"INFOPLIST_KEY_UIApplicationSupportsIndirectInputEvents[sdk=iphonesimulator*]" = YES;
				"INFOPLIST_KEY_UILaunchScreen_Generation[sdk=iphoneos*]" = YES;
				"INFOPLIST_KEY_UILaunchScreen_Generation[sdk=iphonesimulator*]" = YES;
				"INFOPLIST_KEY_UIStatusBarStyle[sdk=iphoneos*]" = UIStatusBarStyleDefault;
				"INFOPLIST_KEY_UIStatusBarStyle[sdk=iphonesimulator*]" = UIStatusBarStyleDefault;
				INFOPLIST_KEY_UISupportedInterfaceOrientations_iPad = "UIInterfaceOrientationPortrait UIInterfaceOrientationPortraitUpsideDown UIInterfaceOrientationLandscapeLeft UIInterfaceOrientationLandscapeRight";
				INFOPLIST_KEY_UISupportedInterfaceOrientations_iPhone = "UIInterfaceOrientationPortrait UIInterfaceOrientationLandscapeLeft UIInterfaceOrientationLandscapeRight";
				IPHONEOS_DEPLOYMENT_TARGET = 16.2;
				LD_RUNPATH_SEARCH_PATHS = "@executable_path/Frameworks";
				"LD_RUNPATH_SEARCH_PATHS[sdk=macosx*]" = "@executable_path/../Frameworks";
				MACOSX_DEPLOYMENT_TARGET = 13.1;
				MARKETING_VERSION = 1.0;
				PRODUCT_BUNDLE_IDENTIFIER = com.yejiayong.FocusTimer;
				PRODUCT_NAME = "$(TARGET_NAME)";
				SDKROOT = auto;
				SUPPORTED_PLATFORMS = "iphoneos iphonesimulator macosx";
				SWIFT_EMIT_LOC_STRINGS = YES;
				SWIFT_VERSION = 5.0;
				TARGETED_DEVICE_FAMILY = "1,2";
			};
			name = Debug;
		};
		65AE1944296844E8006393E7 /* Release */ = {
			isa = XCBuildConfiguration;
			buildSettings = {
				ASSETCATALOG_COMPILER_APPICON_NAME = AppIcon;
				ASSETCATALOG_COMPILER_GLOBAL_ACCENT_COLOR_NAME = AccentColor;
				ASSETCATALOG_COMPILER_INCLUDE_ALL_APPICON_ASSETS = NO;
				CODE_SIGN_ENTITLEMENTS = FocusTimer/FocusTimer.entitlements;
				CODE_SIGN_STYLE = Automatic;
				CURRENT_PROJECT_VERSION = 1;
				DEVELOPMENT_ASSET_PATHS = "\"FocusTimer/Preview Content\"";
				DEVELOPMENT_TEAM = S32SWP4SFV;
				ENABLE_HARDENED_RUNTIME = YES;
				ENABLE_PREVIEWS = YES;
				GENERATE_INFOPLIST_FILE = YES;
				"INFOPLIST_KEY_UIApplicationSceneManifest_Generation[sdk=iphoneos*]" = YES;
				"INFOPLIST_KEY_UIApplicationSceneManifest_Generation[sdk=iphonesimulator*]" = YES;
				"INFOPLIST_KEY_UIApplicationSupportsIndirectInputEvents[sdk=iphoneos*]" = YES;
				"INFOPLIST_KEY_UIApplicationSupportsIndirectInputEvents[sdk=iphonesimulator*]" = YES;
				"INFOPLIST_KEY_UILaunchScreen_Generation[sdk=iphoneos*]" = YES;
				"INFOPLIST_KEY_UILaunchScreen_Generation[sdk=iphonesimulator*]" = YES;
				"INFOPLIST_KEY_UIStatusBarStyle[sdk=iphoneos*]" = UIStatusBarStyleDefault;
				"INFOPLIST_KEY_UIStatusBarStyle[sdk=iphonesimulator*]" = UIStatusBarStyleDefault;
				INFOPLIST_KEY_UISupportedInterfaceOrientations_iPad = "UIInterfaceOrientationPortrait UIInterfaceOrientationPortraitUpsideDown UIInterfaceOrientationLandscapeLeft UIInterfaceOrientationLandscapeRight";
				INFOPLIST_KEY_UISupportedInterfaceOrientations_iPhone = "UIInterfaceOrientationPortrait UIInterfaceOrientationLandscapeLeft UIInterfaceOrientationLandscapeRight";
				IPHONEOS_DEPLOYMENT_TARGET = 16.2;
				LD_RUNPATH_SEARCH_PATHS = "@executable_path/Frameworks";
				"LD_RUNPATH_SEARCH_PATHS[sdk=macosx*]" = "@executable_path/../Frameworks";
				MACOSX_DEPLOYMENT_TARGET = 13.1;
				MARKETING_VERSION = 1.0;
				PRODUCT_BUNDLE_IDENTIFIER = com.yejiayong.FocusTimer;
				PRODUCT_NAME = "$(TARGET_NAME)";
				SDKROOT = auto;
				SUPPORTED_PLATFORMS = "iphoneos iphonesimulator macosx";
				SWIFT_EMIT_LOC_STRINGS = YES;
				SWIFT_VERSION = 5.0;
				TARGETED_DEVICE_FAMILY = "1,2";
			};
			name = Release;
		};
		65AE1946296844E8006393E7 /* Debug */ = {
			isa = XCBuildConfiguration;
			buildSettings = {
				ALWAYS_EMBED_SWIFT_STANDARD_LIBRARIES = YES;
				BUNDLE_LOADER = "$(TEST_HOST)";
				CODE_SIGN_STYLE = Automatic;
				CURRENT_PROJECT_VERSION = 1;
				DEVELOPMENT_TEAM = S32SWP4SFV;
				GENERATE_INFOPLIST_FILE = YES;
				IPHONEOS_DEPLOYMENT_TARGET = 16.2;
				MACOSX_DEPLOYMENT_TARGET = 13.1;
				MARKETING_VERSION = 1.0;
				PRODUCT_BUNDLE_IDENTIFIER = com.yejiayong.FocusTimerTests;
				PRODUCT_NAME = "$(TARGET_NAME)";
				SDKROOT = auto;
				SUPPORTED_PLATFORMS = "iphoneos iphonesimulator macosx";
				SWIFT_EMIT_LOC_STRINGS = NO;
				SWIFT_VERSION = 5.0;
				TARGETED_DEVICE_FAMILY = "1,2";
				TEST_HOST = "$(BUILT_PRODUCTS_DIR)/FocusTimer.app/$(BUNDLE_EXECUTABLE_FOLDER_PATH)/FocusTimer";
			};
			name = Debug;
		};
		65AE1947296844E8006393E7 /* Release */ = {
			isa = XCBuildConfiguration;
			buildSettings = {
				ALWAYS_EMBED_SWIFT_STANDARD_LIBRARIES = YES;
				BUNDLE_LOADER = "$(TEST_HOST)";
				CODE_SIGN_STYLE = Automatic;
				CURRENT_PROJECT_VERSION = 1;
				DEVELOPMENT_TEAM = S32SWP4SFV;
				GENERATE_INFOPLIST_FILE = YES;
				IPHONEOS_DEPLOYMENT_TARGET = 16.2;
				MACOSX_DEPLOYMENT_TARGET = 13.1;
				MARKETING_VERSION = 1.0;
				PRODUCT_BUNDLE_IDENTIFIER = com.yejiayong.FocusTimerTests;
				PRODUCT_NAME = "$(TARGET_NAME)";
				SDKROOT = auto;
				SUPPORTED_PLATFORMS = "iphoneos iphonesimulator macosx";
				SWIFT_EMIT_LOC_STRINGS = NO;
				SWIFT_VERSION = 5.0;
				TARGETED_DEVICE_FAMILY = "1,2";
				TEST_HOST = "$(BUILT_PRODUCTS_DIR)/FocusTimer.app/$(BUNDLE_EXECUTABLE_FOLDER_PATH)/FocusTimer";
			};
			name = Release;
		};
		65AE1949296844E8006393E7 /* Debug */ = {
			isa = XCBuildConfiguration;
			buildSettings = {
				ALWAYS_EMBED_SWIFT_STANDARD_LIBRARIES = YES;
				CODE_SIGN_STYLE = Automatic;
				CURRENT_PROJECT_VERSION = 1;
				DEVELOPMENT_TEAM = S32SWP4SFV;
				GENERATE_INFOPLIST_FILE = YES;
				IPHONEOS_DEPLOYMENT_TARGET = 16.2;
				MACOSX_DEPLOYMENT_TARGET = 13.1;
				MARKETING_VERSION = 1.0;
				PRODUCT_BUNDLE_IDENTIFIER = com.yejiayong.FocusTimerUITests;
				PRODUCT_NAME = "$(TARGET_NAME)";
				SDKROOT = auto;
				SUPPORTED_PLATFORMS = "iphoneos iphonesimulator macosx";
				SWIFT_EMIT_LOC_STRINGS = NO;
				SWIFT_VERSION = 5.0;
				TARGETED_DEVICE_FAMILY = "1,2";
				TEST_TARGET_NAME = FocusTimer;
			};
			name = Debug;
		};
		65AE194A296844E8006393E7 /* Release */ = {
			isa = XCBuildConfiguration;
			buildSettings = {
				ALWAYS_EMBED_SWIFT_STANDARD_LIBRARIES = YES;
				CODE_SIGN_STYLE = Automatic;
				CURRENT_PROJECT_VERSION = 1;
				DEVELOPMENT_TEAM = S32SWP4SFV;
				GENERATE_INFOPLIST_FILE = YES;
				IPHONEOS_DEPLOYMENT_TARGET = 16.2;
				MACOSX_DEPLOYMENT_TARGET = 13.1;
				MARKETING_VERSION = 1.0;
				PRODUCT_BUNDLE_IDENTIFIER = com.yejiayong.FocusTimerUITests;
				PRODUCT_NAME = "$(TARGET_NAME)";
				SDKROOT = auto;
				SUPPORTED_PLATFORMS = "iphoneos iphonesimulator macosx";
				SWIFT_EMIT_LOC_STRINGS = NO;
				SWIFT_VERSION = 5.0;
				TARGETED_DEVICE_FAMILY = "1,2";
				TEST_TARGET_NAME = FocusTimer;
			};
			name = Release;
		};
/* End XCBuildConfiguration section */

/* Begin XCConfigurationList section */
		65AE1918296844E6006393E7 /* Build configuration list for PBXProject "FocusTimer" */ = {
			isa = XCConfigurationList;
			buildConfigurations = (
				65AE1940296844E8006393E7 /* Debug */,
				65AE1941296844E8006393E7 /* Release */,
			);
			defaultConfigurationIsVisible = 0;
			defaultConfigurationName = Release;
		};
		65AE1942296844E8006393E7 /* Build configuration list for PBXNativeTarget "FocusTimer" */ = {
			isa = XCConfigurationList;
			buildConfigurations = (
				65AE1943296844E8006393E7 /* Debug */,
				65AE1944296844E8006393E7 /* Release */,
			);
			defaultConfigurationIsVisible = 0;
			defaultConfigurationName = Release;
		};
		65AE1945296844E8006393E7 /* Build configuration list for PBXNativeTarget "FocusTimerTests" */ = {
			isa = XCConfigurationList;
			buildConfigurations = (
				65AE1946296844E8006393E7 /* Debug */,
				65AE1947296844E8006393E7 /* Release */,
			);
			defaultConfigurationIsVisible = 0;
			defaultConfigurationName = Release;
		};
		65AE1948296844E8006393E7 /* Build configuration list for PBXNativeTarget "FocusTimerUITests" */ = {
			isa = XCConfigurationList;
			buildConfigurations = (
				65AE1949296844E8006393E7 /* Debug */,
				65AE194A296844E8006393E7 /* Release */,
			);
			defaultConfigurationIsVisible = 0;
			defaultConfigurationName = Release;
		};
/* End XCConfigurationList section */
	};
	rootObject = 65AE1915296844E6006393E7 /* Project object */;
}
